
Microsoft Visual Studio Solution File, Format Version 12.00
# Visual Studio 15
VisualStudioVersion = 15.0.28307.1209
MinimumVisualStudioVersion = 10.0.40219.1
Project("{F14B399A-7131-4C87-9E4B-1186C45EF12D}") = "FBX_LB_SSRS_FMO_R_Custom Geo", "FBX_LB_SSRS_FMO_R_Custom Geo\FBX_LB_SSRS_FMO_R_Custom Geo.rptproj", "{D161C3BB-9708-4DEC-909D-AF129205EA5E}"
EndProject
Global
	GlobalSection(SolutionConfigurationPlatforms) = preSolution
		Debug|Default = Debug|Default
		DebugLocal|Default = DebugLocal|Default
		Release|Default = Release|Default
	EndGlobalSection
	GlobalSection(ProjectConfigurationPlatforms) = postSolution
		{D161C3BB-9708-4DEC-909D-AF129205EA5E}.Debug|Default.ActiveCfg = Debug
		{D161C3BB-9708-4DEC-909D-AF129205EA5E}.Debug|Default.Build.0 = Debug
		{D161C3BB-9708-4DEC-909D-AF129205EA5E}.Debug|Default.Deploy.0 = Debug
		{D161C3BB-9708-4DEC-909D-AF129205EA5E}.DebugLocal|Default.ActiveCfg = DebugLocal
		{D161C3BB-9708-4DEC-909D-AF129205EA5E}.DebugLocal|Default.Build.0 = DebugLocal
		{D161C3BB-9708-4DEC-909D-AF129205EA5E}.Release|Default.ActiveCfg = Release
		{D161C3BB-9708-4DEC-909D-AF129205EA5E}.Release|Default.Build.0 = Release
		{D161C3BB-9708-4DEC-909D-AF129205EA5E}.Release|Default.Deploy.0 = Release
	EndGlobalSection
	GlobalSection(SolutionProperties) = preSolution
		HideSolutionNode = FALSE
	EndGlobalSection
	GlobalSection(ExtensibilityGlobals) = postSolution
		SolutionGuid = {297045CF-E93E-4539-86C8-29CE4466B960}
	EndGlobalSection
EndGlobal
